
Microsoft Visual Studio Solution File, Format Version 12.00
# Visual Studio Version 17
VisualStudioVersion = 17.2.32602.215
MinimumVisualStudioVersion = 10.0.40219.1
Project("{FAE04EC0-301F-11D3-BF4B-00C04F79EFBC}") = "apiToDo", "apiToDo\apiToDo.csproj", "{10C7EB2B-28E1-48DB-845D-686EA016EB31}"
EndProject
Global
	GlobalSection(SolutionConfigurationPlatforms) = preSolution
		Debug|Any CPU = Debug|Any CPU
		Release|Any CPU = Release|Any CPU
	EndGlobalSection
	GlobalSection(ProjectConfigurationPlatforms) = postSolution
		{10C7EB2B-28E1-48DB-845D-686EA016EB31}.Debug|Any CPU.ActiveCfg = Debug|Any CPU
		{10C7EB2B-28E1-48DB-845D-686EA016EB31}.Debug|Any CPU.Build.0 = Debug|Any CPU
		{10C7EB2B-28E1-48DB-845D-686EA016EB31}.Release|Any CPU.ActiveCfg = Release|Any CPU
		{10C7EB2B-28E1-48DB-845D-686EA016EB31}.Release|Any CPU.Build.0 = Release|Any CPU
	EndGlobalSection
	GlobalSection(SolutionProperties) = preSolution
		HideSolutionNode = FALSE
	EndGlobalSection
	GlobalSection(ExtensibilityGlobals) = postSolution
		SolutionGuid = {C4CAD157-B1C9-4740-A62A-A9B6DB33D087}
	EndGlobalSection
EndGlobal
